PODS:
  - AFNetworking (0.7.0):
    - JSONKit
  - EGOTableViewPullRefresh (0.1.0)
  - IBAForms (1.0.0)
  - JSONKit (1.5pre)
  - SVProgressHUD (0.7)

DEPENDENCIES:
  - AFNetworking (~> 0.7.0)
  - EGOTableViewPullRefresh (~> 0.1.0)
  - IBAForms (~> 1.0)
  - JSONKit (~> 1.4)
  - SVProgressHUD (~> 0.2)
